
Microsoft Visual Studio Solution File, Format Version 12.00
# Visual Studio Version 16
VisualStudioVersion = 16.0.29102.190
MinimumVisualStudioVersion = 10.0.40219.1
Project("{FAE04EC0-301F-11D3-BF4B-00C04F79EFBC}") = "WebApplicationsContainer", "WebApplicationsContainer\WebApplicationsContainer.csproj", "{60E5C3AD-324F-4F4D-8F1D-71C02DC00640}"
EndProject
Global
	GlobalSection(SolutionConfigurationPlatforms) = preSolution
		Debug|Any CPU = Debug|Any CPU
		Release|Any CPU = Release|Any CPU
	EndGlobalSection
	GlobalSection(ProjectConfigurationPlatforms) = postSolution
		{60E5C3AD-324F-4F4D-8F1D-71C02DC00640}.Debug|Any CPU.ActiveCfg = Debug|Any CPU
		{60E5C3AD-324F-4F4D-8F1D-71C02DC00640}.Debug|Any CPU.Build.0 = Debug|Any CPU
		{60E5C3AD-324F-4F4D-8F1D-71C02DC00640}.Release|Any CPU.ActiveCfg = Release|Any CPU
		{60E5C3AD-324F-4F4D-8F1D-71C02DC00640}.Release|Any CPU.Build.0 = Release|Any CPU
	EndGlobalSection
	GlobalSection(SolutionProperties) = preSolution
		HideSolutionNode = FALSE
	EndGlobalSection
	GlobalSection(ExtensibilityGlobals) = postSolution
		SolutionGuid = {37FE90A3-B6E1-4957-A284-0FEC96ADBDC2}
	EndGlobalSection
EndGlobal
